// !$*UTF8*$!
{
	archiveVersion = 1;
	classes = {
	};
	objectVersion = 46;
	objects = {

/* Begin PBXBuildFile section */
		F30B88B6193E8ACC0069FCCE /* Foundation.framework in Frameworks */ = {isa = PBXBuildFile; fileRef = F30B88B5193E8ACC0069FCCE /* Foundation.framework */; };
		F30B88B8193E8ACC0069FCCE /* CoreGraphics.framework in Frameworks */ = {isa = PBXBuildFile; fileRef = F30B88B7193E8ACC0069FCCE /* CoreGraphics.framework */; };
		F30B88BA193E8ACC0069FCCE /* UIKit.framework in Frameworks */ = {isa = PBXBuildFile; fileRef = F30B88B9193E8ACC0069FCCE /* UIKit.framework */; };
		F30B88C0193E8ACC0069FCCE /* InfoPlist.strings in Resources */ = {isa = PBXBuildFile; fileRef = F30B88BE193E8ACC0069FCCE /* InfoPlist.strings */; };
		F30B88C2193E8ACC0069FCCE /* main.m in Sources */ = {isa = PBXBuildFile; fileRef = F30B88C1193E8ACC0069FCCE /* main.m */; };
		F30B88C6193E8ACC0069FCCE /* iAppDelegate.m in Sources */ = {isa = PBXBuildFile; fileRef = F30B88C5193E8ACC0069FCCE /* iAppDelegate.m */; };
		F30B88C9193E8ACC0069FCCE /* Main.storyboard in Resources */ = {isa = PBXBuildFile; fileRef = F30B88C7193E8ACC0069FCCE /* Main.storyboard */; };
		F30B88CC193E8ACC0069FCCE /* iViewController.m in Sources */ = {isa = PBXBuildFile; fileRef = F30B88CB193E8ACC0069FCCE /* iViewController.m */; };
		F30B88CE193E8ACC0069FCCE /* Images.xcassets in Resources */ = {isa = PBXBuildFile; fileRef = F30B88CD193E8ACC0069FCCE /* Images.xcassets */; };
		F30B88D5193E8ACC0069FCCE /* XCTest.framework in Frameworks */ = {isa = PBXBuildFile; fileRef = F30B88D4193E8ACC0069FCCE /* XCTest.framework */; };
		F30B88D6193E8ACC0069FCCE /* Foundation.framework in Frameworks */ = {isa = PBXBuildFile; fileRef = F30B88B5193E8ACC0069FCCE /* Foundation.framework */; };
		F30B88D7193E8ACC0069FCCE /* UIKit.framework in Frameworks */ = {isa = PBXBuildFile; fileRef = F30B88B9193E8ACC0069FCCE /* UIKit.framework */; };
		F30B88DF193E8ACC0069FCCE /* InfoPlist.strings in Resources */ = {isa = PBXBuildFile; fileRef = F30B88DD193E8ACC0069FCCE /* InfoPlist.strings */; };
		F30B88E1193E8ACC0069FCCE /* RegistrationTests.m in Sources */ = {isa = PBXBuildFile; fileRef = F30B88E0193E8ACC0069FCCE /* RegistrationTests.m */; };
		F30B88EF193E9EA80069FCCE /* Registration.xcodeproj in Sources */ = {isa = PBXBuildFile; fileRef = F30B88EE193E9EA80069FCCE /* Registration.xcodeproj */; };
		F30B88F2193FE2310069FCCE /* iHomepageViewController.m in Sources */ = {isa = PBXBuildFile; fileRef = F30B88F1193FE2310069FCCE /* iHomepageViewController.m */; };
		F30B890719411AD50069FCCE /* iLandingViewController.m in Sources */ = {isa = PBXBuildFile; fileRef = F30B890619411AD50069FCCE /* iLandingViewController.m */; };
		F30B890A19411B2D0069FCCE /* launch-logo@2x.png in Resources */ = {isa = PBXBuildFile; fileRef = F30B890919411B2D0069FCCE /* launch-logo@2x.png */; };
		F30B890C194124C40069FCCE /* test.png in Resources */ = {isa = PBXBuildFile; fileRef = F30B890B194124C40069FCCE /* test.png */; };
		F30B890E194125C70069FCCE /* launch@2x.png in Resources */ = {isa = PBXBuildFile; fileRef = F30B890D194125C70069FCCE /* launch@2x.png */; };
/* End PBXBuildFile section */

/* Begin PBXContainerItemProxy section */
		F30B88D8193E8ACC0069FCCE /* PBXContainerItemProxy */ = {
			isa = PBXContainerItemProxy;
			containerPortal = F30B88AA193E8ACB0069FCCE /* Project object */;
			proxyType = 1;
			remoteGlobalIDString = F30B88B1193E8ACC0069FCCE;
			remoteInfo = Registration;
		};
/* End PBXContainerItemProxy section */

/* Begin PBXFileReference section */
		F30B88B2193E8ACC0069FCCE /* Registration.app */ = {isa = PBXFileReference; explicitFileType = wrapper.application; includeInIndex = 0; path = Registration.app; sourceTree = BUILT_PRODUCTS_DIR; };
		F30B88B5193E8ACC0069FCCE /* Foundation.framework */ = {isa = PBXFileReference; lastKnownFileType = wrapper.framework; name = Foundation.framework; path = System/Library/Frameworks/Foundation.framework; sourceTree = SDKROOT; };
		F30B88B7193E8ACC0069FCCE /* CoreGraphics.framework */ = {isa = PBXFileReference; lastKnownFileType = wrapper.framework; name = CoreGraphics.framework; path = System/Library/Frameworks/CoreGraphics.framework; sourceTree = SDKROOT; };
		F30B88B9193E8ACC0069FCCE /* UIKit.framework */ = {isa = PBXFileReference; lastKnownFileType = wrapper.framework; name = UIKit.framework; path = System/Library/Frameworks/UIKit.framework; sourceTree = SDKROOT; };
		F30B88BD193E8ACC0069FCCE /* Registration-Info.plist */ = {isa = PBXFileReference; lastKnownFileType = text.plist.xml; path = "Registration-Info.plist"; sourceTree = "<group>"; };
		F30B88BF193E8ACC0069FCCE /* en */ = {isa = PBXFileReference; lastKnownFileType = text.plist.strings; name = en; path = en.lproj/InfoPlist.strings; sourceTree = "<group>"; };
		F30B88C1193E8ACC0069FCCE /* main.m */ = {isa = PBXFileReference; lastKnownFileType = sourcecode.c.objc; path = main.m; sourceTree = "<group>"; };
		F30B88C3193E8ACC0069FCCE /* Registration-Prefix.pch */ = {isa = PBXFileReference; lastKnownFileType = sourcecode.c.h; path = "Registration-Prefix.pch"; sourceTree = "<group>"; };
		F30B88C4193E8ACC0069FCCE /* iAppDelegate.h */ = {isa = PBXFileReference; lastKnownFileType = sourcecode.c.h; path = iAppDelegate.h; sourceTree = "<group>"; };
		F30B88C5193E8ACC0069FCCE /* iAppDelegate.m */ = {isa = PBXFileReference; lastKnownFileType = sourcecode.c.objc; path = iAppDelegate.m; sourceTree = "<group>"; };
		F30B88C8193E8ACC0069FCCE /* Base */ = {isa = PBXFileReference; lastKnownFileType = file.storyboard; name = Base; path = Base.lproj/Main.storyboard; sourceTree = "<group>"; };
		F30B88CA193E8ACC0069FCCE /* iViewController.h */ = {isa = PBXFileReference; lastKnownFileType = sourcecode.c.h; path = iViewController.h; sourceTree = "<group>"; };
		F30B88CB193E8ACC0069FCCE /* iViewController.m */ = {isa = PBXFileReference; lastKnownFileType = sourcecode.c.objc; path = iViewController.m; sourceTree = "<group>"; };
		F30B88CD193E8ACC0069FCCE /* Images.xcassets */ = {isa = PBXFileReference; lastKnownFileType = folder.assetcatalog; path = Images.xcassets; sourceTree = "<group>"; };
		F30B88D3193E8ACC0069FCCE /* RegistrationTests.xctest */ = {isa = PBXFileReference; explicitFileType = wrapper.cfbundle; includeInIndex = 0; path = RegistrationTests.xctest; sourceTree = BUILT_PRODUCTS_DIR; };
		F30B88D4193E8ACC0069FCCE /* XCTest.framework */ = {isa = PBXFileReference; lastKnownFileType = wrapper.framework; name = XCTest.framework; path = Library/Frameworks/XCTest.framework; sourceTree = DEVELOPER_DIR; };
		F30B88DC193E8ACC0069FCCE /* RegistrationTests-Info.plist */ = {isa = PBXFileReference; lastKnownFileType = text.plist.xml; path = "RegistrationTests-Info.plist"; sourceTree = "<group>"; };
		F30B88DE193E8ACC0069FCCE /* en */ = {isa = PBXFileReference; lastKnownFileType = text.plist.strings; name = en; path = en.lproj/InfoPlist.strings; sourceTree = "<group>"; };
		F30B88E0193E8ACC0069FCCE /* RegistrationTests.m */ = {isa = PBXFileReference; lastKnownFileType = sourcecode.c.objc; path = RegistrationTests.m; sourceTree = "<group>"; };
		F30B88ED193E9EA80069FCCE /* iValidationViewController.h */ = {isa = PBXFileReference; fileEncoding = 4; lastKnownFileType = sourcecode.c.h; name = iValidationViewController.h; path = ../iValidationViewController.h; sourceTree = "<group>"; };
		F30B88EE193E9EA80069FCCE /* Registration.xcodeproj */ = {isa = PBXFileReference; fileEncoding = 4; lastKnownFileType = "wrapper.pb-project"; name = Registration.xcodeproj; path = /Users/srikanth/Desktop/Registration/Registration.xcodeproj; sourceTree = "<absolute>"; };
		F30B88F0193FE2310069FCCE /* iHomepageViewController.h */ = {isa = PBXFileReference; fileEncoding = 4; lastKnownFileType = sourcecode.c.h; path = iHomepageViewController.h; sourceTree = "<group>"; };
		F30B88F1193FE2310069FCCE /* iHomepageViewController.m */ = {isa = PBXFileReference; fileEncoding = 4; lastKnownFileType = sourcecode.c.objc; path = iHomepageViewController.m; sourceTree = "<group>"; };
		F30B890519411AD50069FCCE /* iLandingViewController.h */ = {isa = PBXFileReference; fileEncoding = 4; lastKnownFileType = sourcecode.c.h; path = iLandingViewController.h; sourceTree = "<group>"; };
		F30B890619411AD50069FCCE /* iLandingViewController.m */ = {isa = PBXFileReference; fileEncoding = 4; lastKnownFileType = sourcecode.c.objc; path = iLandingViewController.m; sourceTree = "<group>"; };
		F30B890919411B2D0069FCCE /* launch-logo@2x.png */ = {isa = PBXFileReference; lastKnownFileType = image.png; path = "launch-logo@2x.png"; sourceTree = "<group>"; };
		F30B890B194124C40069FCCE /* test.png */ = {isa = PBXFileReference; lastKnownFileType = image.png; path = test.png; sourceTree = "<group>"; };
		F30B890D194125C70069FCCE /* launch@2x.png */ = {isa = PBXFileReference; lastKnownFileType = image.png; path = "launch@2x.png"; sourceTree = "<group>"; };
/* End PBXFileReference section */

/* Begin PBXFrameworksBuildPhase section */
		F30B88AF193E8ACC0069FCCE /* Frameworks */ = {
			isa = PBXFrameworksBuildPhase;
			buildActionMask = 2147483647;
			files = (
				F30B88B8193E8ACC0069FCCE /* CoreGraphics.framework in Frameworks */,
				F30B88BA193E8ACC0069FCCE /* UIKit.framework in Frameworks */,
				F30B88B6193E8ACC0069FCCE /* Foundation.framework in Frameworks */,
			);
			runOnlyForDeploymentPostprocessing = 0;
		};
		F30B88D0193E8ACC0069FCCE /* Frameworks */ = {
			isa = PBXFrameworksBuildPhase;
			buildActionMask = 2147483647;
			files = (
				F30B88D5193E8ACC0069FCCE /* XCTest.framework in Frameworks */,
				F30B88D7193E8ACC0069FCCE /* UIKit.framework in Frameworks */,
				F30B88D6193E8ACC0069FCCE /* Foundation.framework in Frameworks */,
			);
			runOnlyForDeploymentPostprocessing = 0;
		};
/* End PBXFrameworksBuildPhase section */

/* Begin PBXGroup section */
		F30B88A9193E8ACB0069FCCE = {
			isa = PBXGroup;
			children = (
				F30B88BB193E8ACC0069FCCE /* Registration */,
				F30B88DA193E8ACC0069FCCE /* RegistrationTests */,
				F30B88B4193E8ACC0069FCCE /* Frameworks */,
				F30B88B3193E8ACC0069FCCE /* Products */,
			);
			sourceTree = "<group>";
		};
		F30B88B3193E8ACC0069FCCE /* Products */ = {
			isa = PBXGroup;
			children = (
				F30B88B2193E8ACC0069FCCE /* Registration.app */,
				F30B88D3193E8ACC0069FCCE /* RegistrationTests.xctest */,
			);
			name = Products;
			sourceTree = "<group>";
		};
		F30B88B4193E8ACC0069FCCE /* Frameworks */ = {
			isa = PBXGroup;
			children = (
				F30B88B5193E8ACC0069FCCE /* Foundation.framework */,
				F30B88B7193E8ACC0069FCCE /* CoreGraphics.framework */,
				F30B88B9193E8ACC0069FCCE /* UIKit.framework */,
				F30B88D4193E8ACC0069FCCE /* XCTest.framework */,
			);
			name = Frameworks;
			sourceTree = "<group>";
		};
		F30B88BB193E8ACC0069FCCE /* Registration */ = {
			isa = PBXGroup;
			children = (
				F30B88C4193E8ACC0069FCCE /* iAppDelegate.h */,
				F30B88C5193E8ACC0069FCCE /* iAppDelegate.m */,
				F30B88C7193E8ACC0069FCCE /* Main.storyboard */,
				F30B88CA193E8ACC0069FCCE /* iViewController.h */,
				F30B88CB193E8ACC0069FCCE /* iViewController.m */,
				F30B88ED193E9EA80069FCCE /* iValidationViewController.h */,
				F30B88EE193E9EA80069FCCE /* Registration.xcodeproj */,
				F30B88F0193FE2310069FCCE /* iHomepageViewController.h */,
				F30B88F1193FE2310069FCCE /* iHomepageViewController.m */,
				F30B890519411AD50069FCCE /* iLandingViewController.h */,
				F30B890619411AD50069FCCE /* iLandingViewController.m */,
				F30B890F194127620069FCCE /* images */,
				F30B88CD193E8ACC0069FCCE /* Images.xcassets */,
				F30B88BC193E8ACC0069FCCE /* Supporting Files */,
			);
			path = Registration;
			sourceTree = "<group>";
		};
		F30B88BC193E8ACC0069FCCE /* Supporting Files */ = {
			isa = PBXGroup;
			children = (
				F30B890B194124C40069FCCE /* test.png */,
				F30B88BD193E8ACC0069FCCE /* Registration-Info.plist */,
				F30B88BE193E8ACC0069FCCE /* InfoPlist.strings */,
				F30B88C1193E8ACC0069FCCE /* main.m */,
				F30B88C3193E8ACC0069FCCE /* Registration-Prefix.pch */,
			);
			name = "Supporting Files";
			sourceTree = "<group>";
		};
		F30B88DA193E8ACC0069FCCE /* RegistrationTests */ = {
			isa = PBXGroup;
			children = (
				F30B88E0193E8ACC0069FCCE /* RegistrationTests.m */,
				F30B88DB193E8ACC0069FCCE /* Supporting Files */,
			);
			path = RegistrationTests;
			sourceTree = "<group>";
		};
		F30B88DB193E8ACC0069FCCE /* Supporting Files */ = {
			isa = PBXGroup;
			children = (
				F30B88DC193E8ACC0069FCCE /* RegistrationTests-Info.plist */,
				F30B88DD193E8ACC0069FCCE /* InfoPlist.strings */,
			);
			name = "Supporting Files";
			sourceTree = "<group>";
		};
		F30B890F194127620069FCCE /* images */ = {
			isa = PBXGroup;
			children = (
				F30B890D194125C70069FCCE /* launch@2x.png */,
				F30B890919411B2D0069FCCE /* launch-logo@2x.png */,
			);
			name = images;
			sourceTree = "<group>";
		};
/* End PBXGroup section */

/* Begin PBXNativeTarget section */
		F30B88B1193E8ACC0069FCCE /* Registration */ = {
			isa = PBXNativeTarget;
			buildConfigurationList = F30B88E4193E8ACC0069FCCE /* Build configuration list for PBXNativeTarget "Registration" */;
			buildPhases = (
				F30B88AE193E8ACC0069FCCE /* Sources */,
				F30B88AF193E8ACC0069FCCE /* Frameworks */,
				F30B88B0193E8ACC0069FCCE /* Resources */,
			);
			buildRules = (
			);
			dependencies = (
			);
			name = Registration;
			productName = Registration;
			productReference = F30B88B2193E8ACC0069FCCE /* Registration.app */;
			productType = "com.apple.product-type.application";
		};
		F30B88D2193E8ACC0069FCCE /* RegistrationTests */ = {
			isa = PBXNativeTarget;
			buildConfigurationList = F30B88E7193E8ACC0069FCCE /* Build configuration list for PBXNativeTarget "RegistrationTests" */;
			buildPhases = (
				F30B88CF193E8ACC0069FCCE /* Sources */,
				F30B88D0193E8ACC0069FCCE /* Frameworks */,
				F30B88D1193E8ACC0069FCCE /* Resources */,
			);
			buildRules = (
			);
			dependencies = (
				F30B88D9193E8ACC0069FCCE /* PBXTargetDependency */,
			);
			name = RegistrationTests;
			productName = RegistrationTests;
			productReference = F30B88D3193E8ACC0069FCCE /* RegistrationTests.xctest */;
			productType = "com.apple.product-type.bundle.unit-test";
		};
/* End PBXNativeTarget section */

/* Begin PBXProject section */
		F30B88AA193E8ACB0069FCCE /* Project object */ = {
			isa = PBXProject;
			attributes = {
				CLASSPREFIX = i;
				LastUpgradeCheck = 0510;
				ORGANIZATIONNAME = xenovus;
				TargetAttributes = {
					F30B88D2193E8ACC0069FCCE = {
						TestTargetID = F30B88B1193E8ACC0069FCCE;
					};
				};
			};
			buildConfigurationList = F30B88AD193E8ACC0069FCCE /* Build configuration list for PBXProject "Registration" */;
			compatibilityVersion = "Xcode 3.2";
			developmentRegion = English;
			hasScannedForEncodings = 0;
			knownRegions = (
				en,
				Base,
			);
			mainGroup = F30B88A9193E8ACB0069FCCE;
			productRefGroup = F30B88B3193E8ACC0069FCCE /* Products */;
			projectDirPath = "";
			projectRoot = "";
			targets = (
				F30B88B1193E8ACC0069FCCE /* Registration */,
				F30B88D2193E8ACC0069FCCE /* RegistrationTests */,
			);
		};
/* End PBXProject section */

/* Begin PBXResourcesBuildPhase section */
		F30B88B0193E8ACC0069FCCE /* Resources */ = {
			isa = PBXResourcesBuildPhase;
			buildActionMask = 2147483647;
			files = (
				F30B890E194125C70069FCCE /* launch@2x.png in Resources */,
				F30B890A19411B2D0069FCCE /* launch-logo@2x.png in Resources */,
				F30B890C194124C40069FCCE /* test.png in Resources */,
				F30B88CE193E8ACC0069FCCE /* Images.xcassets in Resources */,
				F30B88C0193E8ACC0069FCCE /* InfoPlist.strings in Resources */,
				F30B88C9193E8ACC0069FCCE /* Main.storyboard in Resources */,
			);
			runOnlyForDeploymentPostprocessing = 0;
		};
		F30B88D1193E8ACC0069FCCE /* Resources */ = {
			isa = PBXResourcesBuildPhase;
			buildActionMask = 2147483647;
			files = (
				F30B88DF193E8ACC0069FCCE /* InfoPlist.strings in Resources */,
			);
			runOnlyForDeploymentPostprocessing = 0;
		};
/* End PBXResourcesBuildPhase section */

/* Begin PBXSourcesBuildPhase section */
		F30B88AE193E8ACC0069FCCE /* Sources */ = {
			isa = PBXSourcesBuildPhase;
			buildActionMask = 2147483647;
			files = (
				F30B88C6193E8ACC0069FCCE /* iAppDelegate.m in Sources */,
				F30B890719411AD50069FCCE /* iLandingViewController.m in Sources */,
				F30B88EF193E9EA80069FCCE /* Registration.xcodeproj in Sources */,
				F30B88C2193E8ACC0069FCCE /* main.m in Sources */,
				F30B88F2193FE2310069FCCE /* iHomepageViewController.m in Sources */,
				F30B88CC193E8ACC0069FCCE /* iViewController.m in Sources */,
			);
			runOnlyForDeploymentPostprocessing = 0;
		};
		F30B88CF193E8ACC0069FCCE /* Sources */ = {
			isa = PBXSourcesBuildPhase;
			buildActionMask = 2147483647;
			files = (
				F30B88E1193E8ACC0069FCCE /* RegistrationTests.m in Sources */,
			);
			runOnlyForDeploymentPostprocessing = 0;
		};
/* End PBXSourcesBuildPhase section */

/* Begin PBXTargetDependency section */
		F30B88D9193E8ACC0069FCCE /* PBXTargetDependency */ = {
			isa = PBXTargetDependency;
			target = F30B88B1193E8ACC0069FCCE /* Registration */;
			targetProxy = F30B88D8193E8ACC0069FCCE /* PBXContainerItemProxy */;
		};
/* End PBXTargetDependency section */

/* Begin PBXVariantGroup section */
		F30B88BE193E8ACC0069FCCE /* InfoPlist.strings */ = {
			isa = PBXVariantGroup;
			children = (
				F30B88BF193E8ACC0069FCCE /* en */,
			);
			name = InfoPlist.strings;
			sourceTree = "<group>";
		};
		F30B88C7193E8ACC0069FCCE /* Main.storyboard */ = {
			isa = PBXVariantGroup;
			children = (
				F30B88C8193E8ACC0069FCCE /* Base */,
			);
			name = Main.storyboard;
			sourceTree = "<group>";
		};
		F30B88DD193E8ACC0069FCCE /* InfoPlist.strings */ = {
			isa = PBXVariantGroup;
			children = (
				F30B88DE193E8ACC0069FCCE /* en */,
			);
			name = InfoPlist.strings;
			sourceTree = "<group>";
		};
/* End PBXVariantGroup section */

/* Begin XCBuildConfiguration section */
		F30B88E2193E8ACC0069FCCE /* Debug */ = {
			isa = XCBuildConfiguration;
			buildSettings = {
				ALWAYS_SEARCH_USER_PATHS = NO;
				CLANG_CXX_LANGUAGE_STANDARD = "gnu++0x";
				CLANG_CXX_LIBRARY = "libc++";
				CLANG_ENABLE_MODULES = YES;
				CLANG_ENABLE_OBJC_ARC = YES;
				CLANG_WARN_BOOL_CONVERSION = YES;
				CLANG_WARN_CONSTANT_CONVERSION = YES;
				CLANG_WARN_DIRECT_OBJC_ISA_USAGE = YES_ERROR;
				CLANG_WARN_EMPTY_BODY = YES;
				CLANG_WARN_ENUM_CONVERSION = YES;
				CLANG_WARN_INT_CONVERSION = YES;
				CLANG_WARN_OBJC_ROOT_CLASS = YES_ERROR;
				CLANG_WARN__DUPLICATE_METHOD_MATCH = YES;
				"CODE_SIGN_IDENTITY[sdk=iphoneos*]" = "iPhone Developer";
				COPY_PHASE_STRIP = NO;
				GCC_C_LANGUAGE_STANDARD = gnu99;
				GCC_DYNAMIC_NO_PIC = NO;
				GCC_OPTIMIZATION_LEVEL = 0;
				GCC_PREPROCESSOR_DEFINITIONS = (
					"DEBUG=1",
					"$(inherited)",
				);
				GCC_SYMBOLS_PRIVATE_EXTERN = NO;
				GCC_WARN_64_TO_32_BIT_CONVERSION = YES;
				GCC_WARN_ABOUT_RETURN_TYPE = YES_ERROR;
				GCC_WARN_UNDECLARED_SELECTOR = YES;
				GCC_WARN_UNINITIALIZED_AUTOS = YES_AGGRESSIVE;
				GCC_WARN_UNUSED_FUNCTION = YES;
				GCC_WARN_UNUSED_VARIABLE = YES;
				IPHONEOS_DEPLOYMENT_TARGET = 7.1;
				ONLY_ACTIVE_ARCH = YES;
				SDKROOT = iphoneos;
			};
			name = Debug;
		};
		F30B88E3193E8ACC0069FCCE /* Release */ = {
			isa = XCBuildConfiguration;
			buildSettings = {
				ALWAYS_SEARCH_USER_PATHS = NO;
				CLANG_CXX_LANGUAGE_STANDARD = "gnu++0x";
				CLANG_CXX_LIBRARY = "libc++";
				CLANG_ENABLE_MODULES = YES;
				CLANG_ENABLE_OBJC_ARC = YES;
				CLANG_WARN_BOOL_CONVERSION = YES;
				CLANG_WARN_CONSTANT_CONVERSION = YES;
				CLANG_WARN_DIRECT_OBJC_ISA_USAGE = YES_ERROR;
				CLANG_WARN_EMPTY_BODY = YES;
				CLANG_WARN_ENUM_CONVERSION = YES;
				CLANG_WARN_INT_CONVERSION = YES;
				CLANG_WARN_OBJC_ROOT_CLASS = YES_ERROR;
				CLANG_WARN__DUPLICATE_METHOD_MATCH = YES;
				"CODE_SIGN_IDENTITY[sdk=iphoneos*]" = "iPhone Developer";
				COPY_PHASE_STRIP = YES;
				ENABLE_NS_ASSERTIONS = NO;
				GCC_C_LANGUAGE_STANDARD = gnu99;
				GCC_WARN_64_TO_32_BIT_CONVERSION = YES;
				GCC_WARN_ABOUT_RETURN_TYPE = YES_ERROR;
				GCC_WARN_UNDECLARED_SELECTOR = YES;
				GCC_WARN_UNINITIALIZED_AUTOS = YES_AGGRESSIVE;
				GCC_WARN_UNUSED_FUNCTION = YES;
				GCC_WARN_UNUSED_VARIABLE = YES;
				IPHONEOS_DEPLOYMENT_TARGET = 7.1;
				SDKROOT = iphoneos;
				VALIDATE_PRODUCT = YES;
			};
			name = Release;
		};
		F30B88E5193E8ACC0069FCCE /* Debug */ = {
			isa = XCBuildConfiguration;
			buildSettings = {
				ASSETCATALOG_COMPILER_APPICON_NAME = AppIcon;
				ASSETCATALOG_COMPILER_LAUNCHIMAGE_NAME = LaunchImage;
				GCC_PRECOMPILE_PREFIX_HEADER = YES;
				GCC_PREFIX_HEADER = "Registration/Registration-Prefix.pch";
				INFOPLIST_FILE = "Registration/Registration-Info.plist";
				PRODUCT_NAME = "$(TARGET_NAME)";
				WRAPPER_EXTENSION = app;
			};
			name = Debug;
		};
		F30B88E6193E8ACC0069FCCE /* Release */ = {
			isa = XCBuildConfiguration;
			buildSettings = {
				ASSETCATALOG_COMPILER_APPICON_NAME = AppIcon;
				ASSETCATALOG_COMPILER_LAUNCHIMAGE_NAME = LaunchImage;
				GCC_PRECOMPILE_PREFIX_HEADER = YES;
				GCC_PREFIX_HEADER = "Registration/Registration-Prefix.pch";
				INFOPLIST_FILE = "Registration/Registration-Info.plist";
				PRODUCT_NAME = "$(TARGET_NAME)";
				WRAPPER_EXTENSION = app;
			};
			name = Release;
		};
		F30B88E8193E8ACC0069FCCE /* Debug */ = {
			isa = XCBuildConfiguration;
			buildSettings = {
				BUNDLE_LOADER = "$(BUILT_PRODUCTS_DIR)/Registration.app/Registration";
				FRAMEWORK_SEARCH_PATHS = (
					"$(SDKROOT)/Developer/Library/Frameworks",
					"$(inherited)",
					"$(DEVELOPER_FRAMEWORKS_DIR)",
				);
				GCC_PRECOMPILE_PREFIX_HEADER = YES;
				GCC_PREFIX_HEADER = "Registration/Registration-Prefix.pch";
				GCC_PREPROCESSOR_DEFINITIONS = (
					"DEBUG=1",
					"$(inherited)",
				);
				INFOPLIST_FILE = "RegistrationTests/RegistrationTests-Info.plist";
				PRODUCT_NAME = "$(TARGET_NAME)";
				TEST_HOST = "$(BUNDLE_LOADER)";
				WRAPPER_EXTENSION = xctest;
			};
			name = Debug;
		};
		F30B88E9193E8ACC0069FCCE /* Release */ = {
			isa = XCBuildConfiguration;
			buildSettings = {
				BUNDLE_LOADER = "$(BUILT_PRODUCTS_DIR)/Registration.app/Registration";
				FRAMEWORK_SEARCH_PATHS = (
					"$(SDKROOT)/Developer/Library/Frameworks",
					"$(inherited)",
					"$(DEVELOPER_FRAMEWORKS_DIR)",
				);
				GCC_PRECOMPILE_PREFIX_HEADER = YES;
				GCC_PREFIX_HEADER = "Registration/Registration-Prefix.pch";
				INFOPLIST_FILE = "RegistrationTests/RegistrationTests-Info.plist";
				PRODUCT_NAME = "$(TARGET_NAME)";
				TEST_HOST = "$(BUNDLE_LOADER)";
				WRAPPER_EXTENSION = xctest;
			};
			name = Release;
		};
/* End XCBuildConfiguration section */

/* Begin XCConfigurationList section */
		F30B88AD193E8ACC0069FCCE /* Build configuration list for PBXProject "Registration" */ = {
			isa = XCConfigurationList;
			buildConfigurations = (
				F30B88E2193E8ACC0069FCCE /* Debug */,
				F30B88E3193E8ACC0069FCCE /* Release */,
			);
			defaultConfigurationIsVisible = 0;
			defaultConfigurationName = Release;
		};
		F30B88E4193E8ACC0069FCCE /* Build configuration list for PBXNativeTarget "Registration" */ = {
			isa = XCConfigurationList;
			buildConfigurations = (
				F30B88E5193E8ACC0069FCCE /* Debug */,
				F30B88E6193E8ACC0069FCCE /* Release */,
			);
			defaultConfigurationIsVisible = 0;
			defaultConfigurationName = Release;
		};
		F30B88E7193E8ACC0069FCCE /* Build configuration list for PBXNativeTarget "RegistrationTests" */ = {
			isa = XCConfigurationList;
			buildConfigurations = (
				F30B88E8193E8ACC0069FCCE /* Debug */,
				F30B88E9193E8ACC0069FCCE /* Release */,
			);
			defaultConfigurationIsVisible = 0;
			defaultConfigurationName = Release;
		};
/* End XCConfigurationList section */
	};
	rootObject = F30B88AA193E8ACB0069FCCE /* Project object */;
}
